{
  "name": "next-localstorage-blog",
  "lockfileVersion": 3,
  "requires": true,
  "packages": {
    "": {
      "dependencies": {
        "create-next-app": "^14.2.2"
      }
    },
    "node_modules/create-next-app": {
      "version": "14.2.2",
      "resolved": "https://registry.npmjs.org/create-next-app/-/create-next-app-14.2.2.tgz",
      "integrity": "sha512-IHTU5cpOSfzJx/cDkMKhps4ISmr1CcnjxchRpXGW54zvdeuivIcJjm7N305TWgo4tR2xDa998DprBVnX588qug==",
      "bin": {
        "create-next-app": "dist/index.js"
      },
      "engines": {
        "node": ">=18.17.0"
      }
    }
  }
}
